#MicroXplorer Configuration settings - do not modify
Mcu.Family=STM32F4
RCC.PLLSourceVirtual=RCC_PLLSOURCE_HSE
ProjectManager.MainLocation=Core/Src
ProjectManager.ProjectFileName=00-Generic-Hal-Empty-project.ioc
RCC.CortexFreq_Value=180000000
ProjectManager.KeepUserCode=true
Mcu.UserName=STM32F429ZITx
Mcu.PinsNb=3
ProjectManager.NoMain=false
RCC.PLLCLKFreq_Value=180000000
RCC.PLLQCLKFreq_Value=90000000
ProjectManager.functionlistsort=1-MX_GPIO_Init-GPIO-false-HAL-true,2-SystemClock_Config-RCC-false-HAL-false
RCC.RTCFreq_Value=32000
ProjectManager.DefaultFWLocation=true
RCC.VCOSAIOutputFreq_ValueQ=12250000
RCC.VCOSAIOutputFreq_ValueR=24500000
ProjectManager.DeletePrevious=true
RCC.APB1CLKDivider=RCC_HCLK_DIV4
PinOutPanel.RotationAngle=0
RCC.FamilyName=M
RCC.SYSCLKSource=RCC_SYSCLKSOURCE_PLLCLK
ProjectManager.StackSize=0x400
RCC.SAI_BClocksFreq_Value=12250000
RCC.FCLKCortexFreq_Value=180000000
Mcu.IP2=SYS
NVIC.SVCall_IRQn=true\:0\:0\:false\:false\:true\:false\:false
Mcu.IP0=NVIC
Mcu.IP1=RCC
Mcu.UserConstants=
ProjectManager.TargetToolchain=STM32CubeIDE
RCC.LCDTFTFreq_Value=12250000
Mcu.ThirdPartyNb=0
PH0/OSC_IN.Mode=HSE-External-Oscillator
RCC.HCLKFreq_Value=180000000
Mcu.IPNb=3
RCC.I2SClocksFreq_Value=96000000
ProjectManager.PreviousToolchain=STM32CubeIDE
RCC.APB2TimFreq_Value=180000000
RCC.VcooutputI2S=96000000
RCC.VcooutputI2SQ=96000000
PH1/OSC_OUT.Signal=RCC_OSC_OUT
RCC.HSICalibrationValue=8
RCC.VCOSAIOutputFreq_Value=49000000
RCC.LSE_VALUE=32768
RCC.AHBFreq_Value=180000000
Mcu.Pin0=PH0/OSC_IN
Mcu.Pin1=PH1/OSC_OUT
Mcu.Pin2=VP_SYS_VS_Systick
RCC.VCOI2SOutputFreq_Value=192000000
ProjectManager.ProjectBuild=false
RCC.HSE_VALUE=8000000
NVIC.UsageFault_IRQn=true\:0\:0\:false\:false\:true\:false\:false
NVIC.DebugMonitor_IRQn=true\:0\:0\:false\:false\:true\:false\:false
board=custom
RCC.VCOOutputFreq_Value=360000000
NVIC.SysTick_IRQn=true\:0\:0\:false\:false\:true\:false\:true
ProjectManager.LastFirmware=false
ProjectManager.FirmwarePackage=STM32Cube FW_F4 V1.25.0
PH0/OSC_IN.Signal=RCC_OSC_IN
MxDb.Version=DB.5.0.60
RCC.APB2Freq_Value=90000000
ProjectManager.BackupPrevious=false
MxCube.Version=5.6.1
RCC.VCOInputFreq_Value=1000000
File.Version=6
VP_SYS_VS_Systick.Mode=SysTick
RCC.EthernetFreq_Value=180000000
NVIC.NonMaskableInt_IRQn=true\:0\:0\:false\:false\:true\:false\:false
NVIC.PendSV_IRQn=true\:0\:0\:false\:false\:true\:false\:false
ProjectManager.FreePins=false
RCC.IPParameters=48MHZClocksFreq_Value,AHBFreq_Value,APB1CLKDivider,APB1Freq_Value,APB1TimFreq_Value,APB2CLKDivider,APB2Freq_Value,APB2TimFreq_Value,CortexFreq_Value,EthernetFreq_Value,FCLKCortexFreq_Value,FamilyName,HCLKFreq_Value,HSE_VALUE,HSICalibrationValue,HSI_VALUE,I2SClocksFreq_Value,LCDTFTFreq_Value,LSE_VALUE,LSI_VALUE,MCO2PinFreq_Value,PLLCLKFreq_Value,PLLM,PLLN,PLLQCLKFreq_Value,PLLSourceVirtual,RTCFreq_Value,RTCHSEDivFreq_Value,SAI_AClocksFreq_Value,SAI_BClocksFreq_Value,SYSCLKFreq_VALUE,SYSCLKSource,VCOI2SOutputFreq_Value,VCOInputFreq_Value,VCOOutputFreq_Value,VCOSAIOutputFreq_Value,VCOSAIOutputFreq_ValueQ,VCOSAIOutputFreq_ValueR,VcooutputI2S,VcooutputI2SQ
PH1/OSC_OUT.Mode=HSE-External-Oscillator
ProjectManager.AskForMigrate=true
Mcu.Name=STM32F429ZITx
ProjectManager.HalAssertFull=false
RCC.RTCHSEDivFreq_Value=4000000
ProjectManager.ProjectName=00-Generic-Hal-Empty-project
ProjectManager.UnderRoot=true
ProjectManager.CoupleFile=false
RCC.48MHZClocksFreq_Value=90000000
RCC.MCO2PinFreq_Value=180000000
RCC.SYSCLKFreq_VALUE=180000000
Mcu.Package=LQFP144
NVIC.ForceEnableDMAVector=true
KeepUserPlacement=false
NVIC.MemoryManagement_IRQn=true\:0\:0\:false\:false\:true\:false\:false
ProjectManager.CompilerOptimize=6
ProjectManager.ToolChainLocation=
RCC.LSI_VALUE=32000
VP_SYS_VS_Systick.Signal=SYS_VS_Systick
ProjectManager.HeapSize=0x200
NVIC.HardFault_IRQn=true\:0\:0\:false\:false\:true\:false\:false
ProjectManager.ComputerToolchain=false
RCC.HSI_VALUE=16000000
NVIC.PriorityGroup=NVIC_PRIORITYGROUP_4
RCC.APB2CLKDivider=RCC_HCLK_DIV2
RCC.PLLM=8
RCC.PLLN=360
RCC.APB1TimFreq_Value=90000000
NVIC.BusFault_IRQn=true\:0\:0\:false\:false\:true\:false\:false
RCC.APB1Freq_Value=45000000
ProjectManager.CustomerFirmwarePackage=
ProjectManager.DeviceId=STM32F429ZITx
ProjectManager.LibraryCopy=1
RCC.SAI_AClocksFreq_Value=12250000
